{
    "name": "sphaeroptica-flask",
    "version": "1.0.0",
    "lockfileVersion": 3,
    "requires": true,
    "packages": {
        "": {
            "name": "sphaeroptica-flask",
            "version": "1.0.0",
            "hasInstallScript": true,
            "dependencies": {
                "destr": "^2.0.3"
            }
        },
        "node_modules/destr": {
            "version": "2.0.3",
            "resolved": "https://registry.npmjs.org/destr/-/destr-2.0.3.tgz",
            "integrity": "sha512-2N3BOUU4gYMpTP24s5rF5iP7BDr7uNTCs4ozw3kf/eKfvWSIu93GEBi5m427YoyJoeOzQ5smuu4nNAPGb8idSQ==",
            "license": "MIT"
        }
    }
}
